
Microsoft Visual Studio Solution File, Format Version 12.00
# Visual Studio Version 16
VisualStudioVersion = 16.0.31624.102
MinimumVisualStudioVersion = 10.0.40219.1
Project("{FAE04EC0-301F-11D3-BF4B-00C04F79EFBC}") = "WindowsFormsApp1", "WindowsFormsApp1\WindowsFormsApp1.csproj", "{B35EC8B3-BD35-4AB1-A1C2-C2BD999FC9A2}"
EndProject
Global
	GlobalSection(SolutionConfigurationPlatforms) = preSolution
		Debug|Any CPU = Debug|Any CPU
		Release|Any CPU = Release|Any CPU
	EndGlobalSection
	GlobalSection(ProjectConfigurationPlatforms) = postSolution
		{B35EC8B3-BD35-4AB1-A1C2-C2BD999FC9A2}.Debug|Any CPU.ActiveCfg = Debug|Any CPU
		{B35EC8B3-BD35-4AB1-A1C2-C2BD999FC9A2}.Debug|Any CPU.Build.0 = Debug|Any CPU
		{B35EC8B3-BD35-4AB1-A1C2-C2BD999FC9A2}.Release|Any CPU.ActiveCfg = Release|Any CPU
		{B35EC8B3-BD35-4AB1-A1C2-C2BD999FC9A2}.Release|Any CPU.Build.0 = Release|Any CPU
	EndGlobalSection
	GlobalSection(SolutionProperties) = preSolution
		HideSolutionNode = FALSE
	EndGlobalSection
	GlobalSection(ExtensibilityGlobals) = postSolution
		SolutionGuid = {B62DD7BB-C84C-41A4-A6DA-97E00FC51779}
	EndGlobalSection
EndGlobal
